// !$*UTF8*$!
{
	archiveVersion = 1;
	classes = {
	};
	objectVersion = 56;
	objects = {

/* Begin PBXBuildFile section */
		DF41A5DA2CCD9FD500BA1FB5 /* BoardApp.swift in Sources */ = {isa = PBXBuildFile; fileRef = DF41A5D92CCD9FD500BA1FB5 /* BoardApp.swift */; };
		DF41A5DE2CCD9FD600BA1FB5 /* Assets.xcassets in Resources */ = {isa = PBXBuildFile; fileRef = DF41A5DD2CCD9FD600BA1FB5 /* Assets.xcassets */; };
		DF41A5E12CCD9FD600BA1FB5 /* Preview Assets.xcassets in Resources */ = {isa = PBXBuildFile; fileRef = DF41A5E02CCD9FD600BA1FB5 /* Preview Assets.xcassets */; };
		DF41A5EB2CCD9FD600BA1FB5 /* BoardTests.swift in Sources */ = {isa = PBXBuildFile; fileRef = DF41A5EA2CCD9FD600BA1FB5 /* BoardTests.swift */; };
		DF41A5F52CCD9FD600BA1FB5 /* BoardUITests.swift in Sources */ = {isa = PBXBuildFile; fileRef = DF41A5F42CCD9FD600BA1FB5 /* BoardUITests.swift */; };
		DF41A5F72CCD9FD600BA1FB5 /* BoardUITestsLaunchTests.swift in Sources */ = {isa = PBXBuildFile; fileRef = DF41A5F62CCD9FD600BA1FB5 /* BoardUITestsLaunchTests.swift */; };
		DF7E95922CDFC3D300B9CCC7 /* Board.swift in Sources */ = {isa = PBXBuildFile; fileRef = DF7E95912CDFC3CD00B9CCC7 /* Board.swift */; };
		DF7E95942CDFC3E700B9CCC7 /* Route.swift in Sources */ = {isa = PBXBuildFile; fileRef = DF7E95932CDFC3E700B9CCC7 /* Route.swift */; };
		DF7E95962CDFC3F700B9CCC7 /* AppPreferences.swift in Sources */ = {isa = PBXBuildFile; fileRef = DF7E95952CDFC3F700B9CCC7 /* AppPreferences.swift */; };
		DF7E95982CDFC41300B9CCC7 /* PreferencesStorage.swift in Sources */ = {isa = PBXBuildFile; fileRef = DF7E95972CDFC41300B9CCC7 /* PreferencesStorage.swift */; };
		DF7E959A2CDFC45C00B9CCC7 /* PreferencesUseCase.swift in Sources */ = {isa = PBXBuildFile; fileRef = DF7E95992CDFC45C00B9CCC7 /* PreferencesUseCase.swift */; };
		DF7E959C2CDFC47300B9CCC7 /* PreferencesViewModel.swift in Sources */ = {isa = PBXBuildFile; fileRef = DF7E959B2CDFC47300B9CCC7 /* PreferencesViewModel.swift */; };
		DF7E959E2CDFC4A600B9CCC7 /* SettingsView.swift in Sources */ = {isa = PBXBuildFile; fileRef = DF7E959D2CDFC4A600B9CCC7 /* SettingsView.swift */; };
/* End PBXBuildFile section */

/* Begin PBXContainerItemProxy section */
		DF41A5E72CCD9FD600BA1FB5 /* PBXContainerItemProxy */ = {
			isa = PBXContainerItemProxy;
			containerPortal = DF41A5CE2CCD9FD500BA1FB5 /* Project object */;
			proxyType = 1;
			remoteGlobalIDString = DF41A5D52CCD9FD500BA1FB5;
			remoteInfo = Board;
		};
		DF41A5F12CCD9FD600BA1FB5 /* PBXContainerItemProxy */ = {
			isa = PBXContainerItemProxy;
			containerPortal = DF41A5CE2CCD9FD500BA1FB5 /* Project object */;
			proxyType = 1;
			remoteGlobalIDString = DF41A5D52CCD9FD500BA1FB5;
			remoteInfo = Board;
		};
/* End PBXContainerItemProxy section */

/* Begin PBXFileReference section */
		DF41A5D62CCD9FD500BA1FB5 /* Board.app */ = {isa = PBXFileReference; explicitFileType = wrapper.application; includeInIndex = 0; path = Board.app; sourceTree = BUILT_PRODUCTS_DIR; };
		DF41A5D92CCD9FD500BA1FB5 /* BoardApp.swift */ = {isa = PBXFileReference; lastKnownFileType = sourcecode.swift; path = BoardApp.swift; sourceTree = "<group>"; };
		DF41A5DD2CCD9FD600BA1FB5 /* Assets.xcassets */ = {isa = PBXFileReference; lastKnownFileType = folder.assetcatalog; path = Assets.xcassets; sourceTree = "<group>"; };
		DF41A5E02CCD9FD600BA1FB5 /* Preview Assets.xcassets */ = {isa = PBXFileReference; lastKnownFileType = folder.assetcatalog; path = "Preview Assets.xcassets"; sourceTree = "<group>"; };
		DF41A5E62CCD9FD600BA1FB5 /* BoardTests.xctest */ = {isa = PBXFileReference; explicitFileType = wrapper.cfbundle; includeInIndex = 0; path = BoardTests.xctest; sourceTree = BUILT_PRODUCTS_DIR; };
		DF41A5EA2CCD9FD600BA1FB5 /* BoardTests.swift */ = {isa = PBXFileReference; lastKnownFileType = sourcecode.swift; path = BoardTests.swift; sourceTree = "<group>"; };
		DF41A5F02CCD9FD600BA1FB5 /* BoardUITests.xctest */ = {isa = PBXFileReference; explicitFileType = wrapper.cfbundle; includeInIndex = 0; path = BoardUITests.xctest; sourceTree = BUILT_PRODUCTS_DIR; };
		DF41A5F42CCD9FD600BA1FB5 /* BoardUITests.swift */ = {isa = PBXFileReference; lastKnownFileType = sourcecode.swift; path = BoardUITests.swift; sourceTree = "<group>"; };
		DF41A5F62CCD9FD600BA1FB5 /* BoardUITestsLaunchTests.swift */ = {isa = PBXFileReference; lastKnownFileType = sourcecode.swift; path = BoardUITestsLaunchTests.swift; sourceTree = "<group>"; };
		DF7E95912CDFC3CD00B9CCC7 /* Board.swift */ = {isa = PBXFileReference; lastKnownFileType = sourcecode.swift; path = Board.swift; sourceTree = "<group>"; };
		DF7E95932CDFC3E700B9CCC7 /* Route.swift */ = {isa = PBXFileReference; lastKnownFileType = sourcecode.swift; path = Route.swift; sourceTree = "<group>"; };
		DF7E95952CDFC3F700B9CCC7 /* AppPreferences.swift */ = {isa = PBXFileReference; lastKnownFileType = sourcecode.swift; path = AppPreferences.swift; sourceTree = "<group>"; };
		DF7E95972CDFC41300B9CCC7 /* PreferencesStorage.swift */ = {isa = PBXFileReference; lastKnownFileType = sourcecode.swift; path = PreferencesStorage.swift; sourceTree = "<group>"; };
		DF7E95992CDFC45C00B9CCC7 /* PreferencesUseCase.swift */ = {isa = PBXFileReference; lastKnownFileType = sourcecode.swift; path = PreferencesUseCase.swift; sourceTree = "<group>"; };
		DF7E959B2CDFC47300B9CCC7 /* PreferencesViewModel.swift */ = {isa = PBXFileReference; lastKnownFileType = sourcecode.swift; path = PreferencesViewModel.swift; sourceTree = "<group>"; };
		DF7E959D2CDFC4A600B9CCC7 /* SettingsView.swift */ = {isa = PBXFileReference; lastKnownFileType = sourcecode.swift; path = SettingsView.swift; sourceTree = "<group>"; };
/* End PBXFileReference section */

/* Begin PBXFrameworksBuildPhase section */
		DF41A5D32CCD9FD500BA1FB5 /* Frameworks */ = {
			isa = PBXFrameworksBuildPhase;
			buildActionMask = 2147483647;
			files = (
			);
			runOnlyForDeploymentPostprocessing = 0;
		};
		DF41A5E32CCD9FD600BA1FB5 /* Frameworks */ = {
			isa = PBXFrameworksBuildPhase;
			buildActionMask = 2147483647;
			files = (
			);
			runOnlyForDeploymentPostprocessing = 0;
		};
		DF41A5ED2CCD9FD600BA1FB5 /* Frameworks */ = {
			isa = PBXFrameworksBuildPhase;
			buildActionMask = 2147483647;
			files = (
			);
			runOnlyForDeploymentPostprocessing = 0;
		};
/* End PBXFrameworksBuildPhase section */

/* Begin PBXGroup section */
		DF41A5CD2CCD9FD500BA1FB5 = {
			isa = PBXGroup;
			children = (
				DF41A5D82CCD9FD500BA1FB5 /* Board */,
				DF41A5E92CCD9FD600BA1FB5 /* BoardTests */,
				DF41A5F32CCD9FD600BA1FB5 /* BoardUITests */,
				DF41A5D72CCD9FD500BA1FB5 /* Products */,
			);
			sourceTree = "<group>";
		};
		DF41A5D72CCD9FD500BA1FB5 /* Products */ = {
			isa = PBXGroup;
			children = (
				DF41A5D62CCD9FD500BA1FB5 /* Board.app */,
				DF41A5E62CCD9FD600BA1FB5 /* BoardTests.xctest */,
				DF41A5F02CCD9FD600BA1FB5 /* BoardUITests.xctest */,
			);
			name = Products;
			sourceTree = "<group>";
		};
		DF41A5D82CCD9FD500BA1FB5 /* Board */ = {
			isa = PBXGroup;
			children = (
				DF41A6052CCDCD8100BA1FB5 /* Presentation */,
				DF41A6042CCDCD7900BA1FB5 /* Data */,
				DF41A6032CCDCD6E00BA1FB5 /* Domain */,
				DF41A5D92CCD9FD500BA1FB5 /* BoardApp.swift */,
				DF41A5DD2CCD9FD600BA1FB5 /* Assets.xcassets */,
				DF41A5DF2CCD9FD600BA1FB5 /* Preview Content */,
			);
			path = Board;
			sourceTree = "<group>";
		};
		DF41A5DF2CCD9FD600BA1FB5 /* Preview Content */ = {
			isa = PBXGroup;
			children = (
				DF41A5E02CCD9FD600BA1FB5 /* Preview Assets.xcassets */,
			);
			path = "Preview Content";
			sourceTree = "<group>";
		};
		DF41A5E92CCD9FD600BA1FB5 /* BoardTests */ = {
			isa = PBXGroup;
			children = (
				DF41A5EA2CCD9FD600BA1FB5 /* BoardTests.swift */,
			);
			path = BoardTests;
			sourceTree = "<group>";
		};
		DF41A5F32CCD9FD600BA1FB5 /* BoardUITests */ = {
			isa = PBXGroup;
			children = (
				DF41A5F42CCD9FD600BA1FB5 /* BoardUITests.swift */,
				DF41A5F62CCD9FD600BA1FB5 /* BoardUITestsLaunchTests.swift */,
			);
			path = BoardUITests;
			sourceTree = "<group>";
		};
		DF41A6032CCDCD6E00BA1FB5 /* Domain */ = {
			isa = PBXGroup;
			children = (
				DF41A6072CCDCDB800BA1FB5 /* UseCases */,
				DF41A6062CCDCDAE00BA1FB5 /* Models */,
			);
			path = Domain;
			sourceTree = "<group>";
		};
		DF41A6042CCDCD7900BA1FB5 /* Data */ = {
			isa = PBXGroup;
			children = (
				DF41A60A2CCDCDD100BA1FB5 /* Services */,
				DF41A6092CCDCDCA00BA1FB5 /* Repositories */,
				DF41A6082CCDCDC300BA1FB5 /* Storage */,
			);
			path = Data;
			sourceTree = "<group>";
		};
		DF41A6052CCDCD8100BA1FB5 /* Presentation */ = {
			isa = PBXGroup;
			children = (
				DF41A60C2CCDCDE000BA1FB5 /* ViewModels */,
				DF41A60B2CCDCDD800BA1FB5 /* Views */,
			);
			path = Presentation;
			sourceTree = "<group>";
		};
		DF41A6062CCDCDAE00BA1FB5 /* Models */ = {
			isa = PBXGroup;
			children = (
				DF7E95952CDFC3F700B9CCC7 /* AppPreferences.swift */,
				DF7E95932CDFC3E700B9CCC7 /* Route.swift */,
				DF7E95912CDFC3CD00B9CCC7 /* Board.swift */,
			);
			path = Models;
			sourceTree = "<group>";
		};
		DF41A6072CCDCDB800BA1FB5 /* UseCases */ = {
			isa = PBXGroup;
			children = (
				DF7E95992CDFC45C00B9CCC7 /* PreferencesUseCase.swift */,
			);
			path = UseCases;
			sourceTree = "<group>";
		};
		DF41A6082CCDCDC300BA1FB5 /* Storage */ = {
			isa = PBXGroup;
			children = (
				DF7E95972CDFC41300B9CCC7 /* PreferencesStorage.swift */,
			);
			path = Storage;
			sourceTree = "<group>";
		};
		DF41A6092CCDCDCA00BA1FB5 /* Repositories */ = {
			isa = PBXGroup;
			children = (
			);
			path = Repositories;
			sourceTree = "<group>";
		};
		DF41A60A2CCDCDD100BA1FB5 /* Services */ = {
			isa = PBXGroup;
			children = (
			);
			path = Services;
			sourceTree = "<group>";
		};
		DF41A60B2CCDCDD800BA1FB5 /* Views */ = {
			isa = PBXGroup;
			children = (
				DF7E959D2CDFC4A600B9CCC7 /* SettingsView.swift */,
			);
			path = Views;
			sourceTree = "<group>";
		};
		DF41A60C2CCDCDE000BA1FB5 /* ViewModels */ = {
			isa = PBXGroup;
			children = (
				DF7E959B2CDFC47300B9CCC7 /* PreferencesViewModel.swift */,
			);
			path = ViewModels;
			sourceTree = "<group>";
		};
/* End PBXGroup section */

/* Begin PBXNativeTarget section */
		DF41A5D52CCD9FD500BA1FB5 /* Board */ = {
			isa = PBXNativeTarget;
			buildConfigurationList = DF41A5FA2CCD9FD600BA1FB5 /* Build configuration list for PBXNativeTarget "Board" */;
			buildPhases = (
				DF41A5D22CCD9FD500BA1FB5 /* Sources */,
				DF41A5D32CCD9FD500BA1FB5 /* Frameworks */,
				DF41A5D42CCD9FD500BA1FB5 /* Resources */,
			);
			buildRules = (
			);
			dependencies = (
			);
			name = Board;
			productName = Board;
			productReference = DF41A5D62CCD9FD500BA1FB5 /* Board.app */;
			productType = "com.apple.product-type.application";
		};
		DF41A5E52CCD9FD600BA1FB5 /* BoardTests */ = {
			isa = PBXNativeTarget;
			buildConfigurationList = DF41A5FD2CCD9FD600BA1FB5 /* Build configuration list for PBXNativeTarget "BoardTests" */;
			buildPhases = (
				DF41A5E22CCD9FD600BA1FB5 /* Sources */,
				DF41A5E32CCD9FD600BA1FB5 /* Frameworks */,
				DF41A5E42CCD9FD600BA1FB5 /* Resources */,
			);
			buildRules = (
			);
			dependencies = (
				DF41A5E82CCD9FD600BA1FB5 /* PBXTargetDependency */,
			);
			name = BoardTests;
			productName = BoardTests;
			productReference = DF41A5E62CCD9FD600BA1FB5 /* BoardTests.xctest */;
			productType = "com.apple.product-type.bundle.unit-test";
		};
		DF41A5EF2CCD9FD600BA1FB5 /* BoardUITests */ = {
			isa = PBXNativeTarget;
			buildConfigurationList = DF41A6002CCD9FD600BA1FB5 /* Build configuration list for PBXNativeTarget "BoardUITests" */;
			buildPhases = (
				DF41A5EC2CCD9FD600BA1FB5 /* Sources */,
				DF41A5ED2CCD9FD600BA1FB5 /* Frameworks */,
				DF41A5EE2CCD9FD600BA1FB5 /* Resources */,
			);
			buildRules = (
			);
			dependencies = (
				DF41A5F22CCD9FD600BA1FB5 /* PBXTargetDependency */,
			);
			name = BoardUITests;
			productName = BoardUITests;
			productReference = DF41A5F02CCD9FD600BA1FB5 /* BoardUITests.xctest */;
			productType = "com.apple.product-type.bundle.ui-testing";
		};
/* End PBXNativeTarget section */

/* Begin PBXProject section */
		DF41A5CE2CCD9FD500BA1FB5 /* Project object */ = {
			isa = PBXProject;
			attributes = {
				BuildIndependentTargetsInParallel = 1;
				LastSwiftUpdateCheck = 1540;
				LastUpgradeCheck = 1540;
				TargetAttributes = {
					DF41A5D52CCD9FD500BA1FB5 = {
						CreatedOnToolsVersion = 15.4;
					};
					DF41A5E52CCD9FD600BA1FB5 = {
						CreatedOnToolsVersion = 15.4;
						TestTargetID = DF41A5D52CCD9FD500BA1FB5;
					};
					DF41A5EF2CCD9FD600BA1FB5 = {
						CreatedOnToolsVersion = 15.4;
						TestTargetID = DF41A5D52CCD9FD500BA1FB5;
					};
				};
			};
			buildConfigurationList = DF41A5D12CCD9FD500BA1FB5 /* Build configuration list for PBXProject "Board" */;
			compatibilityVersion = "Xcode 14.0";
			developmentRegion = en;
			hasScannedForEncodings = 0;
			knownRegions = (
				en,
				Base,
			);
			mainGroup = DF41A5CD2CCD9FD500BA1FB5;
			productRefGroup = DF41A5D72CCD9FD500BA1FB5 /* Products */;
			projectDirPath = "";
			projectRoot = "";
			targets = (
				DF41A5D52CCD9FD500BA1FB5 /* Board */,
				DF41A5E52CCD9FD600BA1FB5 /* BoardTests */,
				DF41A5EF2CCD9FD600BA1FB5 /* BoardUITests */,
			);
		};
/* End PBXProject section */

/* Begin PBXResourcesBuildPhase section */
		DF41A5D42CCD9FD500BA1FB5 /* Resources */ = {
			isa = PBXResourcesBuildPhase;
			buildActionMask = 2147483647;
			files = (
				DF41A5E12CCD9FD600BA1FB5 /* Preview Assets.xcassets in Resources */,
				DF41A5DE2CCD9FD600BA1FB5 /* Assets.xcassets in Resources */,
			);
			runOnlyForDeploymentPostprocessing = 0;
		};
		DF41A5E42CCD9FD600BA1FB5 /* Resources */ = {
			isa = PBXResourcesBuildPhase;
			buildActionMask = 2147483647;
			files = (
			);
			runOnlyForDeploymentPostprocessing = 0;
		};
		DF41A5EE2CCD9FD600BA1FB5 /* Resources */ = {
			isa = PBXResourcesBuildPhase;
			buildActionMask = 2147483647;
			files = (
			);
			runOnlyForDeploymentPostprocessing = 0;
		};
/* End PBXResourcesBuildPhase section */

/* Begin PBXSourcesBuildPhase section */
		DF41A5D22CCD9FD500BA1FB5 /* Sources */ = {
			isa = PBXSourcesBuildPhase;
			buildActionMask = 2147483647;
			files = (
				DF7E95962CDFC3F700B9CCC7 /* AppPreferences.swift in Sources */,
				DF7E95982CDFC41300B9CCC7 /* PreferencesStorage.swift in Sources */,
				DF7E959C2CDFC47300B9CCC7 /* PreferencesViewModel.swift in Sources */,
				DF7E95942CDFC3E700B9CCC7 /* Route.swift in Sources */,
				DF7E959E2CDFC4A600B9CCC7 /* SettingsView.swift in Sources */,
				DF41A5DA2CCD9FD500BA1FB5 /* BoardApp.swift in Sources */,
				DF7E959A2CDFC45C00B9CCC7 /* PreferencesUseCase.swift in Sources */,
				DF7E95922CDFC3D300B9CCC7 /* Board.swift in Sources */,
			);
			runOnlyForDeploymentPostprocessing = 0;
		};
		DF41A5E22CCD9FD600BA1FB5 /* Sources */ = {
			isa = PBXSourcesBuildPhase;
			buildActionMask = 2147483647;
			files = (
				DF41A5EB2CCD9FD600BA1FB5 /* BoardTests.swift in Sources */,
			);
			runOnlyForDeploymentPostprocessing = 0;
		};
		DF41A5EC2CCD9FD600BA1FB5 /* Sources */ = {
			isa = PBXSourcesBuildPhase;
			buildActionMask = 2147483647;
			files = (
				DF41A5F52CCD9FD600BA1FB5 /* BoardUITests.swift in Sources */,
				DF41A5F72CCD9FD600BA1FB5 /* BoardUITestsLaunchTests.swift in Sources */,
			);
			runOnlyForDeploymentPostprocessing = 0;
		};
/* End PBXSourcesBuildPhase section */

/* Begin PBXTargetDependency section */
		DF41A5E82CCD9FD600BA1FB5 /* PBXTargetDependency */ = {
			isa = PBXTargetDependency;
			target = DF41A5D52CCD9FD500BA1FB5 /* Board */;
			targetProxy = DF41A5E72CCD9FD600BA1FB5 /* PBXContainerItemProxy */;
		};
		DF41A5F22CCD9FD600BA1FB5 /* PBXTargetDependency */ = {
			isa = PBXTargetDependency;
			target = DF41A5D52CCD9FD500BA1FB5 /* Board */;
			targetProxy = DF41A5F12CCD9FD600BA1FB5 /* PBXContainerItemProxy */;
		};
/* End PBXTargetDependency section */

/* Begin XCBuildConfiguration section */
		DF41A5F82CCD9FD600BA1FB5 /* Debug */ = {
			isa = XCBuildConfiguration;
			buildSettings = {
				ALWAYS_SEARCH_USER_PATHS = NO;
				ASSETCATALOG_COMPILER_GENERATE_SWIFT_ASSET_SYMBOL_EXTENSIONS = YES;
				CLANG_ANALYZER_NONNULL = YES;
				CLANG_ANALYZER_NUMBER_OBJECT_CONVERSION = YES_AGGRESSIVE;
				CLANG_CXX_LANGUAGE_STANDARD = "gnu++20";
				CLANG_ENABLE_MODULES = YES;
				CLANG_ENABLE_OBJC_ARC = YES;
				CLANG_ENABLE_OBJC_WEAK = YES;
				CLANG_WARN_BLOCK_CAPTURE_AUTORELEASING = YES;
				CLANG_WARN_BOOL_CONVERSION = YES;
				CLANG_WARN_COMMA = YES;
				CLANG_WARN_CONSTANT_CONVERSION = YES;
				CLANG_WARN_DEPRECATED_OBJC_IMPLEMENTATIONS = YES;
				CLANG_WARN_DIRECT_OBJC_ISA_USAGE = YES_ERROR;
				CLANG_WARN_DOCUMENTATION_COMMENTS = YES;
				CLANG_WARN_EMPTY_BODY = YES;
				CLANG_WARN_ENUM_CONVERSION = YES;
				CLANG_WARN_INFINITE_RECURSION = YES;
				CLANG_WARN_INT_CONVERSION = YES;
				CLANG_WARN_NON_LITERAL_NULL_CONVERSION = YES;
				CLANG_WARN_OBJC_IMPLICIT_RETAIN_SELF = YES;
				CLANG_WARN_OBJC_LITERAL_CONVERSION = YES;
				CLANG_WARN_OBJC_ROOT_CLASS = YES_ERROR;
				CLANG_WARN_QUOTED_INCLUDE_IN_FRAMEWORK_HEADER = YES;
				CLANG_WARN_RANGE_LOOP_ANALYSIS = YES;
				CLANG_WARN_STRICT_PROTOTYPES = YES;
				CLANG_WARN_SUSPICIOUS_MOVE = YES;
				CLANG_WARN_UNGUARDED_AVAILABILITY = YES_AGGRESSIVE;
				CLANG_WARN_UNREACHABLE_CODE = YES;
				CLANG_WARN__DUPLICATE_METHOD_MATCH = YES;
				COPY_PHASE_STRIP = NO;
				DEBUG_INFORMATION_FORMAT = dwarf;
				ENABLE_STRICT_OBJC_MSGSEND = YES;
				ENABLE_TESTABILITY = YES;
				ENABLE_USER_SCRIPT_SANDBOXING = YES;
				GCC_C_LANGUAGE_STANDARD = gnu17;
				GCC_DYNAMIC_NO_PIC = NO;
				GCC_NO_COMMON_BLOCKS = YES;
				GCC_OPTIMIZATION_LEVEL = 0;
				GCC_PREPROCESSOR_DEFINITIONS = (
					"DEBUG=1",
					"$(inherited)",
				);
				GCC_WARN_64_TO_32_BIT_CONVERSION = YES;
				GCC_WARN_ABOUT_RETURN_TYPE = YES_ERROR;
				GCC_WARN_UNDECLARED_SELECTOR = YES;
				GCC_WARN_UNINITIALIZED_AUTOS = YES_AGGRESSIVE;
				GCC_WARN_UNUSED_FUNCTION = YES;
				GCC_WARN_UNUSED_VARIABLE = YES;
				IPHONEOS_DEPLOYMENT_TARGET = 17.5;
				LOCALIZATION_PREFERS_STRING_CATALOGS = YES;
				MTL_ENABLE_DEBUG_INFO = INCLUDE_SOURCE;
				MTL_FAST_MATH = YES;
				ONLY_ACTIVE_ARCH = YES;
				SDKROOT = iphoneos;
				SWIFT_ACTIVE_COMPILATION_CONDITIONS = "DEBUG $(inherited)";
				SWIFT_OPTIMIZATION_LEVEL = "-Onone";
			};
			name = Debug;
		};
		DF41A5F92CCD9FD600BA1FB5 /* Release */ = {
			isa = XCBuildConfiguration;
			buildSettings = {
				ALWAYS_SEARCH_USER_PATHS = NO;
				ASSETCATALOG_COMPILER_GENERATE_SWIFT_ASSET_SYMBOL_EXTENSIONS = YES;
				CLANG_ANALYZER_NONNULL = YES;
				CLANG_ANALYZER_NUMBER_OBJECT_CONVERSION = YES_AGGRESSIVE;
				CLANG_CXX_LANGUAGE_STANDARD = "gnu++20";
				CLANG_ENABLE_MODULES = YES;
				CLANG_ENABLE_OBJC_ARC = YES;
				CLANG_ENABLE_OBJC_WEAK = YES;
				CLANG_WARN_BLOCK_CAPTURE_AUTORELEASING = YES;
				CLANG_WARN_BOOL_CONVERSION = YES;
				CLANG_WARN_COMMA = YES;
				CLANG_WARN_CONSTANT_CONVERSION = YES;
				CLANG_WARN_DEPRECATED_OBJC_IMPLEMENTATIONS = YES;
				CLANG_WARN_DIRECT_OBJC_ISA_USAGE = YES_ERROR;
				CLANG_WARN_DOCUMENTATION_COMMENTS = YES;
				CLANG_WARN_EMPTY_BODY = YES;
				CLANG_WARN_ENUM_CONVERSION = YES;
				CLANG_WARN_INFINITE_RECURSION = YES;
				CLANG_WARN_INT_CONVERSION = YES;
				CLANG_WARN_NON_LITERAL_NULL_CONVERSION = YES;
				CLANG_WARN_OBJC_IMPLICIT_RETAIN_SELF = YES;
				CLANG_WARN_OBJC_LITERAL_CONVERSION = YES;
				CLANG_WARN_OBJC_ROOT_CLASS = YES_ERROR;
				CLANG_WARN_QUOTED_INCLUDE_IN_FRAMEWORK_HEADER = YES;
				CLANG_WARN_RANGE_LOOP_ANALYSIS = YES;
				CLANG_WARN_STRICT_PROTOTYPES = YES;
				CLANG_WARN_SUSPICIOUS_MOVE = YES;
				CLANG_WARN_UNGUARDED_AVAILABILITY = YES_AGGRESSIVE;
				CLANG_WARN_UNREACHABLE_CODE = YES;
				CLANG_WARN__DUPLICATE_METHOD_MATCH = YES;
				COPY_PHASE_STRIP = NO;
				DEBUG_INFORMATION_FORMAT = "dwarf-with-dsym";
				ENABLE_NS_ASSERTIONS = NO;
				ENABLE_STRICT_OBJC_MSGSEND = YES;
				ENABLE_USER_SCRIPT_SANDBOXING = YES;
				GCC_C_LANGUAGE_STANDARD = gnu17;
				GCC_NO_COMMON_BLOCKS = YES;
				GCC_WARN_64_TO_32_BIT_CONVERSION = YES;
				GCC_WARN_ABOUT_RETURN_TYPE = YES_ERROR;
				GCC_WARN_UNDECLARED_SELECTOR = YES;
				GCC_WARN_UNINITIALIZED_AUTOS = YES_AGGRESSIVE;
				GCC_WARN_UNUSED_FUNCTION = YES;
				GCC_WARN_UNUSED_VARIABLE = YES;
				IPHONEOS_DEPLOYMENT_TARGET = 17.5;
				LOCALIZATION_PREFERS_STRING_CATALOGS = YES;
				MTL_ENABLE_DEBUG_INFO = NO;
				MTL_FAST_MATH = YES;
				SDKROOT = iphoneos;
				SWIFT_COMPILATION_MODE = wholemodule;
				VALIDATE_PRODUCT = YES;
			};
			name = Release;
		};
		DF41A5FB2CCD9FD600BA1FB5 /* Debug */ = {
			isa = XCBuildConfiguration;
			buildSettings = {
				ASSETCATALOG_COMPILER_APPICON_NAME = AppIcon;
				ASSETCATALOG_COMPILER_GLOBAL_ACCENT_COLOR_NAME = AccentColor;
				CODE_SIGN_STYLE = Automatic;
				CURRENT_PROJECT_VERSION = 1;
				DEVELOPMENT_ASSET_PATHS = "\"Board/Preview Content\"";
				ENABLE_PREVIEWS = YES;
				GENERATE_INFOPLIST_FILE = YES;
				INFOPLIST_KEY_UIApplicationSceneManifest_Generation = YES;
				INFOPLIST_KEY_UIApplicationSupportsIndirectInputEvents = YES;
				INFOPLIST_KEY_UILaunchScreen_Generation = YES;
				INFOPLIST_KEY_UISupportedInterfaceOrientations_iPad = "UIInterfaceOrientationPortrait UIInterfaceOrientationPortraitUpsideDown UIInterfaceOrientationLandscapeLeft UIInterfaceOrientationLandscapeRight";
				INFOPLIST_KEY_UISupportedInterfaceOrientations_iPhone = "UIInterfaceOrientationPortrait UIInterfaceOrientationLandscapeLeft UIInterfaceOrientationLandscapeRight";
				LD_RUNPATH_SEARCH_PATHS = (
					"$(inherited)",
					"@executable_path/Frameworks",
				);
				MARKETING_VERSION = 1.0;
				PRODUCT_BUNDLE_IDENTIFIER = com.maxzhang.Board;
				PRODUCT_NAME = "$(TARGET_NAME)";
				SWIFT_EMIT_LOC_STRINGS = YES;
				SWIFT_VERSION = 5.0;
				TARGETED_DEVICE_FAMILY = "1,2";
			};
			name = Debug;
		};
		DF41A5FC2CCD9FD600BA1FB5 /* Release */ = {
			isa = XCBuildConfiguration;
			buildSettings = {
				ASSETCATALOG_COMPILER_APPICON_NAME = AppIcon;
				ASSETCATALOG_COMPILER_GLOBAL_ACCENT_COLOR_NAME = AccentColor;
				CODE_SIGN_STYLE = Automatic;
				CURRENT_PROJECT_VERSION = 1;
				DEVELOPMENT_ASSET_PATHS = "\"Board/Preview Content\"";
				ENABLE_PREVIEWS = YES;
				GENERATE_INFOPLIST_FILE = YES;
				INFOPLIST_KEY_UIApplicationSceneManifest_Generation = YES;
				INFOPLIST_KEY_UIApplicationSupportsIndirectInputEvents = YES;
				INFOPLIST_KEY_UILaunchScreen_Generation = YES;
				INFOPLIST_KEY_UISupportedInterfaceOrientations_iPad = "UIInterfaceOrientationPortrait UIInterfaceOrientationPortraitUpsideDown UIInterfaceOrientationLandscapeLeft UIInterfaceOrientationLandscapeRight";
				INFOPLIST_KEY_UISupportedInterfaceOrientations_iPhone = "UIInterfaceOrientationPortrait UIInterfaceOrientationLandscapeLeft UIInterfaceOrientationLandscapeRight";
				LD_RUNPATH_SEARCH_PATHS = (
					"$(inherited)",
					"@executable_path/Frameworks",
				);
				MARKETING_VERSION = 1.0;
				PRODUCT_BUNDLE_IDENTIFIER = com.maxzhang.Board;
				PRODUCT_NAME = "$(TARGET_NAME)";
				SWIFT_EMIT_LOC_STRINGS = YES;
				SWIFT_VERSION = 5.0;
				TARGETED_DEVICE_FAMILY = "1,2";
			};
			name = Release;
		};
		DF41A5FE2CCD9FD600BA1FB5 /* Debug */ = {
			isa = XCBuildConfiguration;
			buildSettings = {
				ALWAYS_EMBED_SWIFT_STANDARD_LIBRARIES = YES;
				BUNDLE_LOADER = "$(TEST_HOST)";
				CODE_SIGN_STYLE = Automatic;
				CURRENT_PROJECT_VERSION = 1;
				GENERATE_INFOPLIST_FILE = YES;
				IPHONEOS_DEPLOYMENT_TARGET = 17.5;
				MARKETING_VERSION = 1.0;
				PRODUCT_BUNDLE_IDENTIFIER = com.maxzhang.BoardTests;
				PRODUCT_NAME = "$(TARGET_NAME)";
				SWIFT_EMIT_LOC_STRINGS = NO;
				SWIFT_VERSION = 5.0;
				TARGETED_DEVICE_FAMILY = "1,2";
				TEST_HOST = "$(BUILT_PRODUCTS_DIR)/Board.app/$(BUNDLE_EXECUTABLE_FOLDER_PATH)/Board";
			};
			name = Debug;
		};
		DF41A5FF2CCD9FD600BA1FB5 /* Release */ = {
			isa = XCBuildConfiguration;
			buildSettings = {
				ALWAYS_EMBED_SWIFT_STANDARD_LIBRARIES = YES;
				BUNDLE_LOADER = "$(TEST_HOST)";
				CODE_SIGN_STYLE = Automatic;
				CURRENT_PROJECT_VERSION = 1;
				GENERATE_INFOPLIST_FILE = YES;
				IPHONEOS_DEPLOYMENT_TARGET = 17.5;
				MARKETING_VERSION = 1.0;
				PRODUCT_BUNDLE_IDENTIFIER = com.maxzhang.BoardTests;
				PRODUCT_NAME = "$(TARGET_NAME)";
				SWIFT_EMIT_LOC_STRINGS = NO;
				SWIFT_VERSION = 5.0;
				TARGETED_DEVICE_FAMILY = "1,2";
				TEST_HOST = "$(BUILT_PRODUCTS_DIR)/Board.app/$(BUNDLE_EXECUTABLE_FOLDER_PATH)/Board";
			};
			name = Release;
		};
		DF41A6012CCD9FD600BA1FB5 /* Debug */ = {
			isa = XCBuildConfiguration;
			buildSettings = {
				ALWAYS_EMBED_SWIFT_STANDARD_LIBRARIES = YES;
				CODE_SIGN_STYLE = Automatic;
				CURRENT_PROJECT_VERSION = 1;
				GENERATE_INFOPLIST_FILE = YES;
				MARKETING_VERSION = 1.0;
				PRODUCT_BUNDLE_IDENTIFIER = com.maxzhang.BoardUITests;
				PRODUCT_NAME = "$(TARGET_NAME)";
				SWIFT_EMIT_LOC_STRINGS = NO;
				SWIFT_VERSION = 5.0;
				TARGETED_DEVICE_FAMILY = "1,2";
				TEST_TARGET_NAME = Board;
			};
			name = Debug;
		};
		DF41A6022CCD9FD600BA1FB5 /* Release */ = {
			isa = XCBuildConfiguration;
			buildSettings = {
				ALWAYS_EMBED_SWIFT_STANDARD_LIBRARIES = YES;
				CODE_SIGN_STYLE = Automatic;
				CURRENT_PROJECT_VERSION = 1;
				GENERATE_INFOPLIST_FILE = YES;
				MARKETING_VERSION = 1.0;
				PRODUCT_BUNDLE_IDENTIFIER = com.maxzhang.BoardUITests;
				PRODUCT_NAME = "$(TARGET_NAME)";
				SWIFT_EMIT_LOC_STRINGS = NO;
				SWIFT_VERSION = 5.0;
				TARGETED_DEVICE_FAMILY = "1,2";
				TEST_TARGET_NAME = Board;
			};
			name = Release;
		};
/* End XCBuildConfiguration section */

/* Begin XCConfigurationList section */
		DF41A5D12CCD9FD500BA1FB5 /* Build configuration list for PBXProject "Board" */ = {
			isa = XCConfigurationList;
			buildConfigurations = (
				DF41A5F82CCD9FD600BA1FB5 /* Debug */,
				DF41A5F92CCD9FD600BA1FB5 /* Release */,
			);
			defaultConfigurationIsVisible = 0;
			defaultConfigurationName = Release;
		};
		DF41A5FA2CCD9FD600BA1FB5 /* Build configuration list for PBXNativeTarget "Board" */ = {
			isa = XCConfigurationList;
			buildConfigurations = (
				DF41A5FB2CCD9FD600BA1FB5 /* Debug */,
				DF41A5FC2CCD9FD600BA1FB5 /* Release */,
			);
			defaultConfigurationIsVisible = 0;
			defaultConfigurationName = Release;
		};
		DF41A5FD2CCD9FD600BA1FB5 /* Build configuration list for PBXNativeTarget "BoardTests" */ = {
			isa = XCConfigurationList;
			buildConfigurations = (
				DF41A5FE2CCD9FD600BA1FB5 /* Debug */,
				DF41A5FF2CCD9FD600BA1FB5 /* Release */,
			);
			defaultConfigurationIsVisible = 0;
			defaultConfigurationName = Release;
		};
		DF41A6002CCD9FD600BA1FB5 /* Build configuration list for PBXNativeTarget "BoardUITests" */ = {
			isa = XCConfigurationList;
			buildConfigurations = (
				DF41A6012CCD9FD600BA1FB5 /* Debug */,
				DF41A6022CCD9FD600BA1FB5 /* Release */,
			);
			defaultConfigurationIsVisible = 0;
			defaultConfigurationName = Release;
		};
/* End XCConfigurationList section */
	};
	rootObject = DF41A5CE2CCD9FD500BA1FB5 /* Project object */;
}
